{
    "_readme": [
        "This file locks the dependencies of your project to a known state",
        "Read more about it at https://getcomposer.org/doc/01-basic-usage.md#installing-dependencies",
        "This file is @generated automatically"
    ],
    "content-hash": "77f4c36a33f56cbd42545cab631c01ff",
    "packages": [
        {
            "name": "truecastdesign/hopper",
            "version": "v1.2.6",
            "source": {
                "type": "git",
                "url": "https://github.com/truecastdesign/hopper.git",
                "reference": "d954ae21b4e0ae0795fc5f11a6ed9ec0aa3891f0"
            },
            "dist": {
                "type": "zip",
                "url": "https://api.github.com/repos/truecastdesign/hopper/zipball/d954ae21b4e0ae0795fc5f11a6ed9ec0aa3891f0",
                "reference": "d954ae21b4e0ae0795fc5f11a6ed9ec0aa3891f0",
                "shasum": ""
            },
            "require": {
                "php": ">=5.5.0"
            },
            "type": "library",
            "autoload": {
                "psr-4": {
                    "Truecast\\": "src"
                }
            },
            "notification-url": "https://packagist.org/downloads/",
            "license": [
                "MIT"
            ],
            "authors": [
                {
                    "name": "Daniel Baldwin",
                    "email": "danielbaldwin@gmail.com"
                }
            ],
            "description": "This library provides a simple and powerful way to SET and GET records from a PDO database.",
            "keywords": [
                "abstraction",
                "database",
                "db",
                "dbal",
                "dbpdo",
                "framework",
                "layer",
                "php",
                "slim"
            ],
            "time": "2019-04-23T22:56:25+00:00"
        },
        {
            "name": "truecastdesign/true",
            "version": "v1.7.2",
            "source": {
                "type": "git",
                "url": "https://github.com/truecastdesign/true.git",
                "reference": "161c36c30d2e451d3ccff2355b28bd1c00737893"
            },
            "dist": {
                "type": "zip",
                "url": "https://api.github.com/repos/truecastdesign/true/zipball/161c36c30d2e451d3ccff2355b28bd1c00737893",
                "reference": "161c36c30d2e451d3ccff2355b28bd1c00737893",
                "shasum": ""
            },
            "require": {
                "php": ">=5.5.0"
            },
            "type": "library",
            "autoload": {
                "psr-4": {
                    "True\\": "src"
                }
            },
            "notification-url": "https://packagist.org/downloads/",
            "license": [
                "MIT"
            ],
            "authors": [
                {
                    "name": "Daniel Baldwin",
                    "email": "danielbaldwin@gmail.com"
                }
            ],
            "description": "This library provides the base classes for running the True framework.",
            "keywords": [
                "framework",
                "micro",
                "php"
            ],
            "time": "2019-04-25T02:17:03+00:00"
        },
        {
            "name": "truecastdesign/welder",
            "version": "v2.2.9",
            "source": {
                "type": "git",
                "url": "https://github.com/truecastdesign/welder.git",
                "reference": "927f3202d7427bf4a5696a3679be98d77f31f1b4"
            },
            "dist": {
                "type": "zip",
                "url": "https://api.github.com/repos/truecastdesign/welder/zipball/927f3202d7427bf4a5696a3679be98d77f31f1b4",
                "reference": "927f3202d7427bf4a5696a3679be98d77f31f1b4",
                "shasum": ""
            },
            "require": {
                "php": ">=5.5.0"
            },
            "type": "library",
            "autoload": {
                "psr-4": {
                    "Truecast\\": "src"
                }
            },
            "notification-url": "https://packagist.org/downloads/",
            "license": [
                "MIT"
            ],
            "authors": [
                {
                    "name": "Daniel Baldwin",
                    "email": "danielbaldwin@gmail.com"
                }
            ],
            "description": "This library provides a full featured HTML form builder, validator, and spam checker.",
            "keywords": [
                "HTML5",
                "builder",
                "checker",
                "filter",
                "form",
                "html",
                "mailer",
                "maker",
                "php",
                "processor",
                "spam",
                "validator"
            ],
            "time": "2019-01-18T01:08:16+00:00"
        }
    ],
    "packages-dev": [],
    "aliases": [],
    "minimum-stability": "stable",
    "stability-flags": [],
    "prefer-stable": false,
    "prefer-lowest": false,
    "platform": [],
    "platform-dev": []
}
